
Microsoft Visual Studio Solution File, Format Version 12.00
# Visual Studio Version 17
VisualStudioVersion = 17.11.35312.102
MinimumVisualStudioVersion = 10.0.40219.1
Project("{FAE04EC0-301F-11D3-BF4B-00C04F79EFBC}") = "serega-kursa4", "serega-kursa4\serega-kursa4.csproj", "{AD684D94-40B5-4064-BA14-46309CC8A8F7}"
EndProject
Global
	GlobalSection(SolutionConfigurationPlatforms) = preSolution
		Debug|Any CPU = Debug|Any CPU
		Release|Any CPU = Release|Any CPU
	EndGlobalSection
	GlobalSection(ProjectConfigurationPlatforms) = postSolution
		{AD684D94-40B5-4064-BA14-46309CC8A8F7}.Debug|Any CPU.ActiveCfg = Debug|Any CPU
		{AD684D94-40B5-4064-BA14-46309CC8A8F7}.Debug|Any CPU.Build.0 = Debug|Any CPU
		{AD684D94-40B5-4064-BA14-46309CC8A8F7}.Release|Any CPU.ActiveCfg = Release|Any CPU
		{AD684D94-40B5-4064-BA14-46309CC8A8F7}.Release|Any CPU.Build.0 = Release|Any CPU
	EndGlobalSection
	GlobalSection(SolutionProperties) = preSolution
		HideSolutionNode = FALSE
	EndGlobalSection
	GlobalSection(ExtensibilityGlobals) = postSolution
		SolutionGuid = {67D22AD2-A617-4455-8B63-F5945C057E7D}
	EndGlobalSection
EndGlobal
